
Microsoft Visual Studio Solution File, Format Version 12.00
# Visual Studio Version 16
VisualStudioVersion = 16.0.31105.61
MinimumVisualStudioVersion = 10.0.40219.1
Project("{FAE04EC0-301F-11D3-BF4B-00C04F79EFBC}") = "WindowsFormsApp1a", "WindowsFormsApp1a\WindowsFormsApp1a.csproj", "{80442826-818C-49D1-84EE-47D541C17B1A}"
EndProject
Global
	GlobalSection(SolutionConfigurationPlatforms) = preSolution
		Debug|Any CPU = Debug|Any CPU
		Release|Any CPU = Release|Any CPU
	EndGlobalSection
	GlobalSection(ProjectConfigurationPlatforms) = postSolution
		{80442826-818C-49D1-84EE-47D541C17B1A}.Debug|Any CPU.ActiveCfg = Debug|Any CPU
		{80442826-818C-49D1-84EE-47D541C17B1A}.Debug|Any CPU.Build.0 = Debug|Any CPU
		{80442826-818C-49D1-84EE-47D541C17B1A}.Release|Any CPU.ActiveCfg = Release|Any CPU
		{80442826-818C-49D1-84EE-47D541C17B1A}.Release|Any CPU.Build.0 = Release|Any CPU
	EndGlobalSection
	GlobalSection(SolutionProperties) = preSolution
		HideSolutionNode = FALSE
	EndGlobalSection
	GlobalSection(ExtensibilityGlobals) = postSolution
		SolutionGuid = {E88D7866-C1EB-4652-966B-3CA491B4D0CF}
	EndGlobalSection
EndGlobal
